// !$*UTF8*$!
{
	archiveVersion = 1;
	classes = {
	};
	objectVersion = 56;
	objects = {

/* Begin PBXBuildFile section */
		7C20AD932D8C493500D892FC /* horusBadFinalSound.mp3 in Resources */ = {isa = PBXBuildFile; fileRef = 7C20AD912D8C493500D892FC /* horusBadFinalSound.mp3 */; };
		7C20AD942D8C493500D892FC /* horusHappyFinalSound.mp3 in Resources */ = {isa = PBXBuildFile; fileRef = 7C20AD922D8C493500D892FC /* horusHappyFinalSound.mp3 */; };
		7C8825582D8AE6A700E3E9FF /* AppDelegate.swift in Sources */ = {isa = PBXBuildFile; fileRef = 7C8825572D8AE6A700E3E9FF /* AppDelegate.swift */; };
		7C88255C2D8AE6A700E3E9FF /* HorussPathMysticMazeMainViewController.swift in Sources */ = {isa = PBXBuildFile; fileRef = 7C88255B2D8AE6A700E3E9FF /* HorussPathMysticMazeMainViewController.swift */; };
		7C8825612D8AE6A900E3E9FF /* Assets.xcassets in Resources */ = {isa = PBXBuildFile; fileRef = 7C8825602D8AE6A900E3E9FF /* Assets.xcassets */; };
		7C8825642D8AE6A900E3E9FF /* Base in Resources */ = {isa = PBXBuildFile; fileRef = 7C8825632D8AE6A900E3E9FF /* Base */; };
		7C88256D2D8AE7AC00E3E9FF /* SnapKit in Frameworks */ = {isa = PBXBuildFile; productRef = 7C88256C2D8AE7AC00E3E9FF /* SnapKit */; };
		7C88256F2D8AE98900E3E9FF /* HorussPathFirstLDMysticMazeViewController.swift in Sources */ = {isa = PBXBuildFile; fileRef = 7C88256E2D8AE98900E3E9FF /* HorussPathFirstLDMysticMazeViewController.swift */; };
		7C8825712D8AEFA800E3E9FF /* HorussPathExtraLDMysticMazeViewController.swift in Sources */ = {isa = PBXBuildFile; fileRef = 7C8825702D8AEFA800E3E9FF /* HorussPathExtraLDMysticMazeViewController.swift */; };
		7C8825732D8AEFAF00E3E9FF /* HorussPathThirdMainLDMysticMazeViewController.swift in Sources */ = {isa = PBXBuildFile; fileRef = 7C8825722D8AEFAF00E3E9FF /* HorussPathThirdMainLDMysticMazeViewController.swift */; };
		7C8825752D8AEFB600E3E9FF /* HorussPathSecondNetworkLDMysticMazeViewController.swift in Sources */ = {isa = PBXBuildFile; fileRef = 7C8825742D8AEFB600E3E9FF /* HorussPathSecondNetworkLDMysticMazeViewController.swift */; };
		7C8825772D8AF1B500E3E9FF /* horusSoundClickTrack01.mp3 in Resources */ = {isa = PBXBuildFile; fileRef = 7C8825762D8AF1B500E3E9FF /* horusSoundClickTrack01.mp3 */; };
		7C8825792D8B035200E3E9FF /* HorussPathExtraLDMysticMazeViewControllerScene.swift in Sources */ = {isa = PBXBuildFile; fileRef = 7C8825782D8B035200E3E9FF /* HorussPathExtraLDMysticMazeViewControllerScene.swift */; };
		7C88257B2D8B039500E3E9FF /* HorussPathFourthLDMysticMazeViewController.swift in Sources */ = {isa = PBXBuildFile; fileRef = 7C88257A2D8B039500E3E9FF /* HorussPathFourthLDMysticMazeViewController.swift */; };
		7C88257D2D8B12FC00E3E9FF /* HorussPathFinalControlLDMysticMazeViewController.swift in Sources */ = {isa = PBXBuildFile; fileRef = 7C88257C2D8B12FC00E3E9FF /* HorussPathFinalControlLDMysticMazeViewController.swift */; };
/* End PBXBuildFile section */

/* Begin PBXFileReference section */
		7C20AD912D8C493500D892FC /* horusBadFinalSound.mp3 */ = {isa = PBXFileReference; lastKnownFileType = audio.mp3; path = horusBadFinalSound.mp3; sourceTree = "<group>"; };
		7C20AD922D8C493500D892FC /* horusHappyFinalSound.mp3 */ = {isa = PBXFileReference; lastKnownFileType = audio.mp3; path = horusHappyFinalSound.mp3; sourceTree = "<group>"; };
		7C8825542D8AE6A700E3E9FF /* Horus'sPathMysticMaze.app */ = {isa = PBXFileReference; explicitFileType = wrapper.application; includeInIndex = 0; path = "Horus'sPathMysticMaze.app"; sourceTree = BUILT_PRODUCTS_DIR; };
		7C8825572D8AE6A700E3E9FF /* AppDelegate.swift */ = {isa = PBXFileReference; lastKnownFileType = sourcecode.swift; path = AppDelegate.swift; sourceTree = "<group>"; };
		7C88255B2D8AE6A700E3E9FF /* HorussPathMysticMazeMainViewController.swift */ = {isa = PBXFileReference; lastKnownFileType = sourcecode.swift; path = HorussPathMysticMazeMainViewController.swift; sourceTree = "<group>"; };
		7C8825602D8AE6A900E3E9FF /* Assets.xcassets */ = {isa = PBXFileReference; lastKnownFileType = folder.assetcatalog; path = Assets.xcassets; sourceTree = "<group>"; };
		7C8825632D8AE6A900E3E9FF /* Base */ = {isa = PBXFileReference; lastKnownFileType = file.storyboard; name = Base; path = Base.lproj/LaunchScreen.storyboard; sourceTree = "<group>"; };
		7C8825652D8AE6A900E3E9FF /* Info.plist */ = {isa = PBXFileReference; lastKnownFileType = text.plist.xml; path = Info.plist; sourceTree = "<group>"; };
		7C88256E2D8AE98900E3E9FF /* HorussPathFirstLDMysticMazeViewController.swift */ = {isa = PBXFileReference; lastKnownFileType = sourcecode.swift; path = HorussPathFirstLDMysticMazeViewController.swift; sourceTree = "<group>"; };
		7C8825702D8AEFA800E3E9FF /* HorussPathExtraLDMysticMazeViewController.swift */ = {isa = PBXFileReference; lastKnownFileType = sourcecode.swift; path = HorussPathExtraLDMysticMazeViewController.swift; sourceTree = "<group>"; };
		7C8825722D8AEFAF00E3E9FF /* HorussPathThirdMainLDMysticMazeViewController.swift */ = {isa = PBXFileReference; lastKnownFileType = sourcecode.swift; path = HorussPathThirdMainLDMysticMazeViewController.swift; sourceTree = "<group>"; };
		7C8825742D8AEFB600E3E9FF /* HorussPathSecondNetworkLDMysticMazeViewController.swift */ = {isa = PBXFileReference; lastKnownFileType = sourcecode.swift; path = HorussPathSecondNetworkLDMysticMazeViewController.swift; sourceTree = "<group>"; };
		7C8825762D8AF1B500E3E9FF /* horusSoundClickTrack01.mp3 */ = {isa = PBXFileReference; lastKnownFileType = audio.mp3; path = horusSoundClickTrack01.mp3; sourceTree = "<group>"; };
		7C8825782D8B035200E3E9FF /* HorussPathExtraLDMysticMazeViewControllerScene.swift */ = {isa = PBXFileReference; lastKnownFileType = sourcecode.swift; path = HorussPathExtraLDMysticMazeViewControllerScene.swift; sourceTree = "<group>"; };
		7C88257A2D8B039500E3E9FF /* HorussPathFourthLDMysticMazeViewController.swift */ = {isa = PBXFileReference; lastKnownFileType = sourcecode.swift; path = HorussPathFourthLDMysticMazeViewController.swift; sourceTree = "<group>"; };
		7C88257C2D8B12FC00E3E9FF /* HorussPathFinalControlLDMysticMazeViewController.swift */ = {isa = PBXFileReference; lastKnownFileType = sourcecode.swift; path = HorussPathFinalControlLDMysticMazeViewController.swift; sourceTree = "<group>"; };
/* End PBXFileReference section */

/* Begin PBXFrameworksBuildPhase section */
		7C8825512D8AE6A700E3E9FF /* Frameworks */ = {
			isa = PBXFrameworksBuildPhase;
			buildActionMask = 2147483647;
			files = (
				7C88256D2D8AE7AC00E3E9FF /* SnapKit in Frameworks */,
			);
			runOnlyForDeploymentPostprocessing = 0;
		};
/* End PBXFrameworksBuildPhase section */

/* Begin PBXGroup section */
		7C88254B2D8AE6A700E3E9FF = {
			isa = PBXGroup;
			children = (
				7C8825562D8AE6A700E3E9FF /* Horus'sPathMysticMaze */,
				7C8825552D8AE6A700E3E9FF /* Products */,
			);
			sourceTree = "<group>";
		};
		7C8825552D8AE6A700E3E9FF /* Products */ = {
			isa = PBXGroup;
			children = (
				7C8825542D8AE6A700E3E9FF /* Horus'sPathMysticMaze.app */,
			);
			name = Products;
			sourceTree = "<group>";
		};
		7C8825562D8AE6A700E3E9FF /* Horus'sPathMysticMaze */ = {
			isa = PBXGroup;
			children = (
				7C8825572D8AE6A700E3E9FF /* AppDelegate.swift */,
				7C8825742D8AEFB600E3E9FF /* HorussPathSecondNetworkLDMysticMazeViewController.swift */,
				7C88255B2D8AE6A700E3E9FF /* HorussPathMysticMazeMainViewController.swift */,
				7C88256E2D8AE98900E3E9FF /* HorussPathFirstLDMysticMazeViewController.swift */,
				7C8825722D8AEFAF00E3E9FF /* HorussPathThirdMainLDMysticMazeViewController.swift */,
				7C8825702D8AEFA800E3E9FF /* HorussPathExtraLDMysticMazeViewController.swift */,
				7C88257A2D8B039500E3E9FF /* HorussPathFourthLDMysticMazeViewController.swift */,
				7C88257C2D8B12FC00E3E9FF /* HorussPathFinalControlLDMysticMazeViewController.swift */,
				7C8825602D8AE6A900E3E9FF /* Assets.xcassets */,
				7C8825782D8B035200E3E9FF /* HorussPathExtraLDMysticMazeViewControllerScene.swift */,
				7C8825622D8AE6A900E3E9FF /* LaunchScreen.storyboard */,
				7C8825652D8AE6A900E3E9FF /* Info.plist */,
				7C20AD912D8C493500D892FC /* horusBadFinalSound.mp3 */,
				7C20AD922D8C493500D892FC /* horusHappyFinalSound.mp3 */,
				7C8825762D8AF1B500E3E9FF /* horusSoundClickTrack01.mp3 */,
			);
			path = "Horus'sPathMysticMaze";
			sourceTree = "<group>";
		};
/* End PBXGroup section */

/* Begin PBXNativeTarget section */
		7C8825532D8AE6A700E3E9FF /* Horus'sPathMysticMaze */ = {
			isa = PBXNativeTarget;
			buildConfigurationList = 7C8825682D8AE6A900E3E9FF /* Build configuration list for PBXNativeTarget "Horus'sPathMysticMaze" */;
			buildPhases = (
				7C8825502D8AE6A700E3E9FF /* Sources */,
				7C8825512D8AE6A700E3E9FF /* Frameworks */,
				7C8825522D8AE6A700E3E9FF /* Resources */,
			);
			buildRules = (
			);
			dependencies = (
			);
			name = "Horus'sPathMysticMaze";
			packageProductDependencies = (
				7C88256C2D8AE7AC00E3E9FF /* SnapKit */,
			);
			productName = "Horus'sPathMysticMaze";
			productReference = 7C8825542D8AE6A700E3E9FF /* Horus'sPathMysticMaze.app */;
			productType = "com.apple.product-type.application";
		};
/* End PBXNativeTarget section */

/* Begin PBXProject section */
		7C88254C2D8AE6A700E3E9FF /* Project object */ = {
			isa = PBXProject;
			attributes = {
				BuildIndependentTargetsInParallel = 1;
				LastSwiftUpdateCheck = 1540;
				LastUpgradeCheck = 1540;
				TargetAttributes = {
					7C8825532D8AE6A700E3E9FF = {
						CreatedOnToolsVersion = 15.4;
					};
				};
			};
			buildConfigurationList = 7C88254F2D8AE6A700E3E9FF /* Build configuration list for PBXProject "Horus'sPathMysticMaze" */;
			compatibilityVersion = "Xcode 14.0";
			developmentRegion = en;
			hasScannedForEncodings = 0;
			knownRegions = (
				en,
				Base,
			);
			mainGroup = 7C88254B2D8AE6A700E3E9FF;
			packageReferences = (
				7C88256B2D8AE7AC00E3E9FF /* XCRemoteSwiftPackageReference "SnapKit" */,
			);
			productRefGroup = 7C8825552D8AE6A700E3E9FF /* Products */;
			projectDirPath = "";
			projectRoot = "";
			targets = (
				7C8825532D8AE6A700E3E9FF /* Horus'sPathMysticMaze */,
			);
		};
/* End PBXProject section */

/* Begin PBXResourcesBuildPhase section */
		7C8825522D8AE6A700E3E9FF /* Resources */ = {
			isa = PBXResourcesBuildPhase;
			buildActionMask = 2147483647;
			files = (
				7C8825612D8AE6A900E3E9FF /* Assets.xcassets in Resources */,
				7C8825772D8AF1B500E3E9FF /* horusSoundClickTrack01.mp3 in Resources */,
				7C8825642D8AE6A900E3E9FF /* Base in Resources */,
				7C20AD932D8C493500D892FC /* horusBadFinalSound.mp3 in Resources */,
				7C20AD942D8C493500D892FC /* horusHappyFinalSound.mp3 in Resources */,
			);
			runOnlyForDeploymentPostprocessing = 0;
		};
/* End PBXResourcesBuildPhase section */

/* Begin PBXSourcesBuildPhase section */
		7C8825502D8AE6A700E3E9FF /* Sources */ = {
			isa = PBXSourcesBuildPhase;
			buildActionMask = 2147483647;
			files = (
				7C88257B2D8B039500E3E9FF /* HorussPathFourthLDMysticMazeViewController.swift in Sources */,
				7C8825792D8B035200E3E9FF /* HorussPathExtraLDMysticMazeViewControllerScene.swift in Sources */,
				7C8825712D8AEFA800E3E9FF /* HorussPathExtraLDMysticMazeViewController.swift in Sources */,
				7C88255C2D8AE6A700E3E9FF /* HorussPathMysticMazeMainViewController.swift in Sources */,
				7C88257D2D8B12FC00E3E9FF /* HorussPathFinalControlLDMysticMazeViewController.swift in Sources */,
				7C8825582D8AE6A700E3E9FF /* AppDelegate.swift in Sources */,
				7C8825752D8AEFB600E3E9FF /* HorussPathSecondNetworkLDMysticMazeViewController.swift in Sources */,
				7C8825732D8AEFAF00E3E9FF /* HorussPathThirdMainLDMysticMazeViewController.swift in Sources */,
				7C88256F2D8AE98900E3E9FF /* HorussPathFirstLDMysticMazeViewController.swift in Sources */,
			);
			runOnlyForDeploymentPostprocessing = 0;
		};
/* End PBXSourcesBuildPhase section */

/* Begin PBXVariantGroup section */
		7C8825622D8AE6A900E3E9FF /* LaunchScreen.storyboard */ = {
			isa = PBXVariantGroup;
			children = (
				7C8825632D8AE6A900E3E9FF /* Base */,
			);
			name = LaunchScreen.storyboard;
			sourceTree = "<group>";
		};
/* End PBXVariantGroup section */

/* Begin XCBuildConfiguration section */
		7C8825662D8AE6A900E3E9FF /* Debug */ = {
			isa = XCBuildConfiguration;
			buildSettings = {
				ALWAYS_SEARCH_USER_PATHS = NO;
				ASSETCATALOG_COMPILER_GENERATE_SWIFT_ASSET_SYMBOL_EXTENSIONS = YES;
				CLANG_ANALYZER_NONNULL = YES;
				CLANG_ANALYZER_NUMBER_OBJECT_CONVERSION = YES_AGGRESSIVE;
				CLANG_CXX_LANGUAGE_STANDARD = "gnu++20";
				CLANG_ENABLE_MODULES = YES;
				CLANG_ENABLE_OBJC_ARC = YES;
				CLANG_ENABLE_OBJC_WEAK = YES;
				CLANG_WARN_BLOCK_CAPTURE_AUTORELEASING = YES;
				CLANG_WARN_BOOL_CONVERSION = YES;
				CLANG_WARN_COMMA = YES;
				CLANG_WARN_CONSTANT_CONVERSION = YES;
				CLANG_WARN_DEPRECATED_OBJC_IMPLEMENTATIONS = YES;
				CLANG_WARN_DIRECT_OBJC_ISA_USAGE = YES_ERROR;
				CLANG_WARN_DOCUMENTATION_COMMENTS = YES;
				CLANG_WARN_EMPTY_BODY = YES;
				CLANG_WARN_ENUM_CONVERSION = YES;
				CLANG_WARN_INFINITE_RECURSION = YES;
				CLANG_WARN_INT_CONVERSION = YES;
				CLANG_WARN_NON_LITERAL_NULL_CONVERSION = YES;
				CLANG_WARN_OBJC_IMPLICIT_RETAIN_SELF = YES;
				CLANG_WARN_OBJC_LITERAL_CONVERSION = YES;
				CLANG_WARN_OBJC_ROOT_CLASS = YES_ERROR;
				CLANG_WARN_QUOTED_INCLUDE_IN_FRAMEWORK_HEADER = YES;
				CLANG_WARN_RANGE_LOOP_ANALYSIS = YES;
				CLANG_WARN_STRICT_PROTOTYPES = YES;
				CLANG_WARN_SUSPICIOUS_MOVE = YES;
				CLANG_WARN_UNGUARDED_AVAILABILITY = YES_AGGRESSIVE;
				CLANG_WARN_UNREACHABLE_CODE = YES;
				CLANG_WARN__DUPLICATE_METHOD_MATCH = YES;
				COPY_PHASE_STRIP = NO;
				DEBUG_INFORMATION_FORMAT = dwarf;
				ENABLE_STRICT_OBJC_MSGSEND = YES;
				ENABLE_TESTABILITY = YES;
				ENABLE_USER_SCRIPT_SANDBOXING = YES;
				GCC_C_LANGUAGE_STANDARD = gnu17;
				GCC_DYNAMIC_NO_PIC = NO;
				GCC_NO_COMMON_BLOCKS = YES;
				GCC_OPTIMIZATION_LEVEL = 0;
				GCC_PREPROCESSOR_DEFINITIONS = (
					"DEBUG=1",
					"$(inherited)",
				);
				GCC_WARN_64_TO_32_BIT_CONVERSION = YES;
				GCC_WARN_ABOUT_RETURN_TYPE = YES_ERROR;
				GCC_WARN_UNDECLARED_SELECTOR = YES;
				GCC_WARN_UNINITIALIZED_AUTOS = YES_AGGRESSIVE;
				GCC_WARN_UNUSED_FUNCTION = YES;
				GCC_WARN_UNUSED_VARIABLE = YES;
				IPHONEOS_DEPLOYMENT_TARGET = 13.0;
				LOCALIZATION_PREFERS_STRING_CATALOGS = YES;
				MTL_ENABLE_DEBUG_INFO = INCLUDE_SOURCE;
				MTL_FAST_MATH = YES;
				ONLY_ACTIVE_ARCH = YES;
				SDKROOT = iphoneos;
				SWIFT_ACTIVE_COMPILATION_CONDITIONS = "DEBUG $(inherited)";
				SWIFT_OPTIMIZATION_LEVEL = "-Onone";
			};
			name = Debug;
		};
		7C8825672D8AE6A900E3E9FF /* Release */ = {
			isa = XCBuildConfiguration;
			buildSettings = {
				ALWAYS_SEARCH_USER_PATHS = NO;
				ASSETCATALOG_COMPILER_GENERATE_SWIFT_ASSET_SYMBOL_EXTENSIONS = YES;
				CLANG_ANALYZER_NONNULL = YES;
				CLANG_ANALYZER_NUMBER_OBJECT_CONVERSION = YES_AGGRESSIVE;
				CLANG_CXX_LANGUAGE_STANDARD = "gnu++20";
				CLANG_ENABLE_MODULES = YES;
				CLANG_ENABLE_OBJC_ARC = YES;
				CLANG_ENABLE_OBJC_WEAK = YES;
				CLANG_WARN_BLOCK_CAPTURE_AUTORELEASING = YES;
				CLANG_WARN_BOOL_CONVERSION = YES;
				CLANG_WARN_COMMA = YES;
				CLANG_WARN_CONSTANT_CONVERSION = YES;
				CLANG_WARN_DEPRECATED_OBJC_IMPLEMENTATIONS = YES;
				CLANG_WARN_DIRECT_OBJC_ISA_USAGE = YES_ERROR;
				CLANG_WARN_DOCUMENTATION_COMMENTS = YES;
				CLANG_WARN_EMPTY_BODY = YES;
				CLANG_WARN_ENUM_CONVERSION = YES;
				CLANG_WARN_INFINITE_RECURSION = YES;
				CLANG_WARN_INT_CONVERSION = YES;
				CLANG_WARN_NON_LITERAL_NULL_CONVERSION = YES;
				CLANG_WARN_OBJC_IMPLICIT_RETAIN_SELF = YES;
				CLANG_WARN_OBJC_LITERAL_CONVERSION = YES;
				CLANG_WARN_OBJC_ROOT_CLASS = YES_ERROR;
				CLANG_WARN_QUOTED_INCLUDE_IN_FRAMEWORK_HEADER = YES;
				CLANG_WARN_RANGE_LOOP_ANALYSIS = YES;
				CLANG_WARN_STRICT_PROTOTYPES = YES;
				CLANG_WARN_SUSPICIOUS_MOVE = YES;
				CLANG_WARN_UNGUARDED_AVAILABILITY = YES_AGGRESSIVE;
				CLANG_WARN_UNREACHABLE_CODE = YES;
				CLANG_WARN__DUPLICATE_METHOD_MATCH = YES;
				COPY_PHASE_STRIP = NO;
				DEBUG_INFORMATION_FORMAT = "dwarf-with-dsym";
				ENABLE_NS_ASSERTIONS = NO;
				ENABLE_STRICT_OBJC_MSGSEND = YES;
				ENABLE_USER_SCRIPT_SANDBOXING = YES;
				GCC_C_LANGUAGE_STANDARD = gnu17;
				GCC_NO_COMMON_BLOCKS = YES;
				GCC_WARN_64_TO_32_BIT_CONVERSION = YES;
				GCC_WARN_ABOUT_RETURN_TYPE = YES_ERROR;
				GCC_WARN_UNDECLARED_SELECTOR = YES;
				GCC_WARN_UNINITIALIZED_AUTOS = YES_AGGRESSIVE;
				GCC_WARN_UNUSED_FUNCTION = YES;
				GCC_WARN_UNUSED_VARIABLE = YES;
				IPHONEOS_DEPLOYMENT_TARGET = 13.0;
				LOCALIZATION_PREFERS_STRING_CATALOGS = YES;
				MTL_ENABLE_DEBUG_INFO = NO;
				MTL_FAST_MATH = YES;
				SDKROOT = iphoneos;
				SWIFT_COMPILATION_MODE = wholemodule;
				VALIDATE_PRODUCT = YES;
			};
			name = Release;
		};
		7C8825692D8AE6A900E3E9FF /* Debug */ = {
			isa = XCBuildConfiguration;
			buildSettings = {
				ASSETCATALOG_COMPILER_APPICON_NAME = AppIcon;
				ASSETCATALOG_COMPILER_GLOBAL_ACCENT_COLOR_NAME = AccentColor;
				CODE_SIGN_STYLE = Automatic;
				CURRENT_PROJECT_VERSION = 1;
				GENERATE_INFOPLIST_FILE = YES;
				INFOPLIST_FILE = "Horus'sPathMysticMaze/Info.plist";
				INFOPLIST_KEY_UIApplicationSupportsIndirectInputEvents = YES;
				INFOPLIST_KEY_UILaunchStoryboardName = LaunchScreen;
				INFOPLIST_KEY_UISupportedInterfaceOrientations = UIInterfaceOrientationPortrait;
				INFOPLIST_KEY_UISupportedInterfaceOrientations_iPad = "UIInterfaceOrientationLandscapeLeft UIInterfaceOrientationLandscapeRight UIInterfaceOrientationPortrait UIInterfaceOrientationPortraitUpsideDown";
				IPHONEOS_DEPLOYMENT_TARGET = 13.0;
				LD_RUNPATH_SEARCH_PATHS = (
					"$(inherited)",
					"@executable_path/Frameworks",
				);
				MARKETING_VERSION = 1.0;
				PRODUCT_BUNDLE_IDENTIFIER = "bup.Horus-sPathMysticMaze";
				PRODUCT_NAME = "$(TARGET_NAME)";
				SUPPORTED_PLATFORMS = "iphoneos iphonesimulator";
				SUPPORTS_MACCATALYST = NO;
				SUPPORTS_MAC_DESIGNED_FOR_IPHONE_IPAD = NO;
				SUPPORTS_XR_DESIGNED_FOR_IPHONE_IPAD = NO;
				SWIFT_EMIT_LOC_STRINGS = YES;
				SWIFT_VERSION = 5.0;
				TARGETED_DEVICE_FAMILY = 1;
			};
			name = Debug;
		};
		7C88256A2D8AE6A900E3E9FF /* Release */ = {
			isa = XCBuildConfiguration;
			buildSettings = {
				ASSETCATALOG_COMPILER_APPICON_NAME = AppIcon;
				ASSETCATALOG_COMPILER_GLOBAL_ACCENT_COLOR_NAME = AccentColor;
				CODE_SIGN_STYLE = Automatic;
				CURRENT_PROJECT_VERSION = 1;
				GENERATE_INFOPLIST_FILE = YES;
				INFOPLIST_FILE = "Horus'sPathMysticMaze/Info.plist";
				INFOPLIST_KEY_UIApplicationSupportsIndirectInputEvents = YES;
				INFOPLIST_KEY_UILaunchStoryboardName = LaunchScreen;
				INFOPLIST_KEY_UISupportedInterfaceOrientations = UIInterfaceOrientationPortrait;
				INFOPLIST_KEY_UISupportedInterfaceOrientations_iPad = "UIInterfaceOrientationLandscapeLeft UIInterfaceOrientationLandscapeRight UIInterfaceOrientationPortrait UIInterfaceOrientationPortraitUpsideDown";
				IPHONEOS_DEPLOYMENT_TARGET = 13.0;
				LD_RUNPATH_SEARCH_PATHS = (
					"$(inherited)",
					"@executable_path/Frameworks",
				);
				MARKETING_VERSION = 1.0;
				PRODUCT_BUNDLE_IDENTIFIER = "bup.Horus-sPathMysticMaze";
				PRODUCT_NAME = "$(TARGET_NAME)";
				SUPPORTED_PLATFORMS = "iphoneos iphonesimulator";
				SUPPORTS_MACCATALYST = NO;
				SUPPORTS_MAC_DESIGNED_FOR_IPHONE_IPAD = NO;
				SUPPORTS_XR_DESIGNED_FOR_IPHONE_IPAD = NO;
				SWIFT_EMIT_LOC_STRINGS = YES;
				SWIFT_VERSION = 5.0;
				TARGETED_DEVICE_FAMILY = 1;
			};
			name = Release;
		};
/* End XCBuildConfiguration section */

/* Begin XCConfigurationList section */
		7C88254F2D8AE6A700E3E9FF /* Build configuration list for PBXProject "Horus'sPathMysticMaze" */ = {
			isa = XCConfigurationList;
			buildConfigurations = (
				7C8825662D8AE6A900E3E9FF /* Debug */,
				7C8825672D8AE6A900E3E9FF /* Release */,
			);
			defaultConfigurationIsVisible = 0;
			defaultConfigurationName = Release;
		};
		7C8825682D8AE6A900E3E9FF /* Build configuration list for PBXNativeTarget "Horus'sPathMysticMaze" */ = {
			isa = XCConfigurationList;
			buildConfigurations = (
				7C8825692D8AE6A900E3E9FF /* Debug */,
				7C88256A2D8AE6A900E3E9FF /* Release */,
			);
			defaultConfigurationIsVisible = 0;
			defaultConfigurationName = Release;
		};
/* End XCConfigurationList section */

/* Begin XCRemoteSwiftPackageReference section */
		7C88256B2D8AE7AC00E3E9FF /* XCRemoteSwiftPackageReference "SnapKit" */ = {
			isa = XCRemoteSwiftPackageReference;
			repositoryURL = "https://github.com/SnapKit/SnapKit.git";
			requirement = {
				kind = upToNextMajorVersion;
				minimumVersion = 5.7.1;
			};
		};
/* End XCRemoteSwiftPackageReference section */

/* Begin XCSwiftPackageProductDependency section */
		7C88256C2D8AE7AC00E3E9FF /* SnapKit */ = {
			isa = XCSwiftPackageProductDependency;
			package = 7C88256B2D8AE7AC00E3E9FF /* XCRemoteSwiftPackageReference "SnapKit" */;
			productName = SnapKit;
		};
/* End XCSwiftPackageProductDependency section */
	};
	rootObject = 7C88254C2D8AE6A700E3E9FF /* Project object */;
}
